// !$*UTF8*$!
{
	archiveVersion = 1;
	classes = {
	};
	objectVersion = 56;
	objects = {

/* Begin PBXBuildFile section */
		C72E45382A1BC52900DD1BCB /* LittleLemonDinnerMenuApp.swift in Sources */ = {isa = PBXBuildFile; fileRef = C72E45372A1BC52900DD1BCB /* LittleLemonDinnerMenuApp.swift */; };
		C72E453C2A1BC52C00DD1BCB /* Assets.xcassets in Resources */ = {isa = PBXBuildFile; fileRef = C72E453B2A1BC52C00DD1BCB /* Assets.xcassets */; };
		C72E453F2A1BC52C00DD1BCB /* Preview Assets.xcassets in Resources */ = {isa = PBXBuildFile; fileRef = C72E453E2A1BC52C00DD1BCB /* Preview Assets.xcassets */; };
		C72E45492A1BC52C00DD1BCB /* LittleLemonDinnerMenuTests.swift in Sources */ = {isa = PBXBuildFile; fileRef = C72E45482A1BC52C00DD1BCB /* LittleLemonDinnerMenuTests.swift */; };
		C72E45532A1BC52C00DD1BCB /* LittleLemonDinnerMenuUITests.swift in Sources */ = {isa = PBXBuildFile; fileRef = C72E45522A1BC52C00DD1BCB /* LittleLemonDinnerMenuUITests.swift */; };
		C72E45552A1BC52C00DD1BCB /* LittleLemonDinnerMenuUITestsLaunchTests.swift in Sources */ = {isa = PBXBuildFile; fileRef = C72E45542A1BC52C00DD1BCB /* LittleLemonDinnerMenuUITestsLaunchTests.swift */; };
		C7F591802A5076E700B5A347 /* MenuItemsView.swift in Sources */ = {isa = PBXBuildFile; fileRef = C7F5917F2A5076E700B5A347 /* MenuItemsView.swift */; };
		C7F591822A5076F200B5A347 /* MenuItemView.swift in Sources */ = {isa = PBXBuildFile; fileRef = C7F591812A5076F200B5A347 /* MenuItemView.swift */; };
		C7F591842A5076FF00B5A347 /* MenuItemOptionsView.swift in Sources */ = {isa = PBXBuildFile; fileRef = C7F591832A5076FF00B5A347 /* MenuItemOptionsView.swift */; };
		C7F591862A50771000B5A347 /* MenuItemDetailsView.swift in Sources */ = {isa = PBXBuildFile; fileRef = C7F591852A50771000B5A347 /* MenuItemDetailsView.swift */; };
		C7F591892A5077CC00B5A347 /* MenuItem.swift in Sources */ = {isa = PBXBuildFile; fileRef = C7F591882A5077CB00B5A347 /* MenuItem.swift */; };
		C7F5918B2A5078DB00B5A347 /* MenuCategory.swift in Sources */ = {isa = PBXBuildFile; fileRef = C7F5918A2A5078DB00B5A347 /* MenuCategory.swift */; };
		C7F5918D2A50793F00B5A347 /* Ingredient.swift in Sources */ = {isa = PBXBuildFile; fileRef = C7F5918C2A50793F00B5A347 /* Ingredient.swift */; };
		C7F5918F2A50794E00B5A347 /* SortBy.swift in Sources */ = {isa = PBXBuildFile; fileRef = C7F5918E2A50794E00B5A347 /* SortBy.swift */; };
		C7F591912A50797F00B5A347 /* MenuViewViewModel.swift in Sources */ = {isa = PBXBuildFile; fileRef = C7F591902A50797F00B5A347 /* MenuViewViewModel.swift */; };
/* End PBXBuildFile section */

/* Begin PBXContainerItemProxy section */
		C72E45452A1BC52C00DD1BCB /* PBXContainerItemProxy */ = {
			isa = PBXContainerItemProxy;
			containerPortal = C72E452C2A1BC52900DD1BCB /* Project object */;
			proxyType = 1;
			remoteGlobalIDString = C72E45332A1BC52900DD1BCB;
			remoteInfo = LittleLemonDinnerMenu;
		};
		C72E454F2A1BC52C00DD1BCB /* PBXContainerItemProxy */ = {
			isa = PBXContainerItemProxy;
			containerPortal = C72E452C2A1BC52900DD1BCB /* Project object */;
			proxyType = 1;
			remoteGlobalIDString = C72E45332A1BC52900DD1BCB;
			remoteInfo = LittleLemonDinnerMenu;
		};
/* End PBXContainerItemProxy section */

/* Begin PBXFileReference section */
		C72E45342A1BC52900DD1BCB /* LittleLemonDinnerMenu.app */ = {isa = PBXFileReference; explicitFileType = wrapper.application; includeInIndex = 0; path = LittleLemonDinnerMenu.app; sourceTree = BUILT_PRODUCTS_DIR; };
		C72E45372A1BC52900DD1BCB /* LittleLemonDinnerMenuApp.swift */ = {isa = PBXFileReference; lastKnownFileType = sourcecode.swift; path = LittleLemonDinnerMenuApp.swift; sourceTree = "<group>"; };
		C72E453B2A1BC52C00DD1BCB /* Assets.xcassets */ = {isa = PBXFileReference; lastKnownFileType = folder.assetcatalog; path = Assets.xcassets; sourceTree = "<group>"; };
		C72E453E2A1BC52C00DD1BCB /* Preview Assets.xcassets */ = {isa = PBXFileReference; lastKnownFileType = folder.assetcatalog; path = "Preview Assets.xcassets"; sourceTree = "<group>"; };
		C72E45442A1BC52C00DD1BCB /* LittleLemonDinnerMenuTests.xctest */ = {isa = PBXFileReference; explicitFileType = wrapper.cfbundle; includeInIndex = 0; path = LittleLemonDinnerMenuTests.xctest; sourceTree = BUILT_PRODUCTS_DIR; };
		C72E45482A1BC52C00DD1BCB /* LittleLemonDinnerMenuTests.swift */ = {isa = PBXFileReference; lastKnownFileType = sourcecode.swift; path = LittleLemonDinnerMenuTests.swift; sourceTree = "<group>"; };
		C72E454E2A1BC52C00DD1BCB /* LittleLemonDinnerMenuUITests.xctest */ = {isa = PBXFileReference; explicitFileType = wrapper.cfbundle; includeInIndex = 0; path = LittleLemonDinnerMenuUITests.xctest; sourceTree = BUILT_PRODUCTS_DIR; };
		C72E45522A1BC52C00DD1BCB /* LittleLemonDinnerMenuUITests.swift */ = {isa = PBXFileReference; lastKnownFileType = sourcecode.swift; path = LittleLemonDinnerMenuUITests.swift; sourceTree = "<group>"; };
		C72E45542A1BC52C00DD1BCB /* LittleLemonDinnerMenuUITestsLaunchTests.swift */ = {isa = PBXFileReference; lastKnownFileType = sourcecode.swift; path = LittleLemonDinnerMenuUITestsLaunchTests.swift; sourceTree = "<group>"; };
		C7F5917F2A5076E700B5A347 /* MenuItemsView.swift */ = {isa = PBXFileReference; lastKnownFileType = sourcecode.swift; path = MenuItemsView.swift; sourceTree = "<group>"; };
		C7F591812A5076F200B5A347 /* MenuItemView.swift */ = {isa = PBXFileReference; lastKnownFileType = sourcecode.swift; path = MenuItemView.swift; sourceTree = "<group>"; };
		C7F591832A5076FF00B5A347 /* MenuItemOptionsView.swift */ = {isa = PBXFileReference; lastKnownFileType = sourcecode.swift; path = MenuItemOptionsView.swift; sourceTree = "<group>"; };
		C7F591852A50771000B5A347 /* MenuItemDetailsView.swift */ = {isa = PBXFileReference; lastKnownFileType = sourcecode.swift; path = MenuItemDetailsView.swift; sourceTree = "<group>"; };
		C7F591882A5077CB00B5A347 /* MenuItem.swift */ = {isa = PBXFileReference; lastKnownFileType = sourcecode.swift; path = MenuItem.swift; sourceTree = "<group>"; };
		C7F5918A2A5078DB00B5A347 /* MenuCategory.swift */ = {isa = PBXFileReference; lastKnownFileType = sourcecode.swift; path = MenuCategory.swift; sourceTree = "<group>"; };
		C7F5918C2A50793F00B5A347 /* Ingredient.swift */ = {isa = PBXFileReference; lastKnownFileType = sourcecode.swift; path = Ingredient.swift; sourceTree = "<group>"; };
		C7F5918E2A50794E00B5A347 /* SortBy.swift */ = {isa = PBXFileReference; lastKnownFileType = sourcecode.swift; path = SortBy.swift; sourceTree = "<group>"; };
		C7F591902A50797F00B5A347 /* MenuViewViewModel.swift */ = {isa = PBXFileReference; lastKnownFileType = sourcecode.swift; path = MenuViewViewModel.swift; sourceTree = "<group>"; };
/* End PBXFileReference section */

/* Begin PBXFrameworksBuildPhase section */
		C72E45312A1BC52900DD1BCB /* Frameworks */ = {
			isa = PBXFrameworksBuildPhase;
			buildActionMask = 2147483647;
			files = (
			);
			runOnlyForDeploymentPostprocessing = 0;
		};
		C72E45412A1BC52C00DD1BCB /* Frameworks */ = {
			isa = PBXFrameworksBuildPhase;
			buildActionMask = 2147483647;
			files = (
			);
			runOnlyForDeploymentPostprocessing = 0;
		};
		C72E454B2A1BC52C00DD1BCB /* Frameworks */ = {
			isa = PBXFrameworksBuildPhase;
			buildActionMask = 2147483647;
			files = (
			);
			runOnlyForDeploymentPostprocessing = 0;
		};
/* End PBXFrameworksBuildPhase section */

/* Begin PBXGroup section */
		C72E452B2A1BC52900DD1BCB = {
			isa = PBXGroup;
			children = (
				C72E45362A1BC52900DD1BCB /* LittleLemonDinnerMenu */,
				C72E45472A1BC52C00DD1BCB /* LittleLemonDinnerMenuTests */,
				C72E45512A1BC52C00DD1BCB /* LittleLemonDinnerMenuUITests */,
				C72E45352A1BC52900DD1BCB /* Products */,
			);
			sourceTree = "<group>";
		};
		C72E45352A1BC52900DD1BCB /* Products */ = {
			isa = PBXGroup;
			children = (
				C72E45342A1BC52900DD1BCB /* LittleLemonDinnerMenu.app */,
				C72E45442A1BC52C00DD1BCB /* LittleLemonDinnerMenuTests.xctest */,
				C72E454E2A1BC52C00DD1BCB /* LittleLemonDinnerMenuUITests.xctest */,
			);
			name = Products;
			sourceTree = "<group>";
		};
		C72E45362A1BC52900DD1BCB /* LittleLemonDinnerMenu */ = {
			isa = PBXGroup;
			children = (
				C7F591872A5077BC00B5A347 /* Model */,
				C7F5917E2A5076B600B5A347 /* Views */,
				C72E45372A1BC52900DD1BCB /* LittleLemonDinnerMenuApp.swift */,
				C72E453B2A1BC52C00DD1BCB /* Assets.xcassets */,
				C72E453D2A1BC52C00DD1BCB /* Preview Content */,
				C7F591902A50797F00B5A347 /* MenuViewViewModel.swift */,
			);
			path = LittleLemonDinnerMenu;
			sourceTree = "<group>";
		};
		C72E453D2A1BC52C00DD1BCB /* Preview Content */ = {
			isa = PBXGroup;
			children = (
				C72E453E2A1BC52C00DD1BCB /* Preview Assets.xcassets */,
			);
			path = "Preview Content";
			sourceTree = "<group>";
		};
		C72E45472A1BC52C00DD1BCB /* LittleLemonDinnerMenuTests */ = {
			isa = PBXGroup;
			children = (
				C72E45482A1BC52C00DD1BCB /* LittleLemonDinnerMenuTests.swift */,
			);
			path = LittleLemonDinnerMenuTests;
			sourceTree = "<group>";
		};
		C72E45512A1BC52C00DD1BCB /* LittleLemonDinnerMenuUITests */ = {
			isa = PBXGroup;
			children = (
				C72E45522A1BC52C00DD1BCB /* LittleLemonDinnerMenuUITests.swift */,
				C72E45542A1BC52C00DD1BCB /* LittleLemonDinnerMenuUITestsLaunchTests.swift */,
			);
			path = LittleLemonDinnerMenuUITests;
			sourceTree = "<group>";
		};
		C7F5917E2A5076B600B5A347 /* Views */ = {
			isa = PBXGroup;
			children = (
				C7F5917F2A5076E700B5A347 /* MenuItemsView.swift */,
				C7F591812A5076F200B5A347 /* MenuItemView.swift */,
				C7F591832A5076FF00B5A347 /* MenuItemOptionsView.swift */,
				C7F591852A50771000B5A347 /* MenuItemDetailsView.swift */,
			);
			path = Views;
			sourceTree = "<group>";
		};
		C7F591872A5077BC00B5A347 /* Model */ = {
			isa = PBXGroup;
			children = (
				C7F591882A5077CB00B5A347 /* MenuItem.swift */,
				C7F5918A2A5078DB00B5A347 /* MenuCategory.swift */,
				C7F5918C2A50793F00B5A347 /* Ingredient.swift */,
				C7F5918E2A50794E00B5A347 /* SortBy.swift */,
			);
			path = Model;
			sourceTree = "<group>";
		};
/* End PBXGroup section */

/* Begin PBXNativeTarget section */
		C72E45332A1BC52900DD1BCB /* LittleLemonDinnerMenu */ = {
			isa = PBXNativeTarget;
			buildConfigurationList = C72E45582A1BC52C00DD1BCB /* Build configuration list for PBXNativeTarget "LittleLemonDinnerMenu" */;
			buildPhases = (
				C72E45302A1BC52900DD1BCB /* Sources */,
				C72E45312A1BC52900DD1BCB /* Frameworks */,
				C72E45322A1BC52900DD1BCB /* Resources */,
			);
			buildRules = (
			);
			dependencies = (
			);
			name = LittleLemonDinnerMenu;
			productName = LittleLemonDinnerMenu;
			productReference = C72E45342A1BC52900DD1BCB /* LittleLemonDinnerMenu.app */;
			productType = "com.apple.product-type.application";
		};
		C72E45432A1BC52C00DD1BCB /* LittleLemonDinnerMenuTests */ = {
			isa = PBXNativeTarget;
			buildConfigurationList = C72E455B2A1BC52C00DD1BCB /* Build configuration list for PBXNativeTarget "LittleLemonDinnerMenuTests" */;
			buildPhases = (
				C72E45402A1BC52C00DD1BCB /* Sources */,
				C72E45412A1BC52C00DD1BCB /* Frameworks */,
				C72E45422A1BC52C00DD1BCB /* Resources */,
			);
			buildRules = (
			);
			dependencies = (
				C72E45462A1BC52C00DD1BCB /* PBXTargetDependency */,
			);
			name = LittleLemonDinnerMenuTests;
			productName = LittleLemonDinnerMenuTests;
			productReference = C72E45442A1BC52C00DD1BCB /* LittleLemonDinnerMenuTests.xctest */;
			productType = "com.apple.product-type.bundle.unit-test";
		};
		C72E454D2A1BC52C00DD1BCB /* LittleLemonDinnerMenuUITests */ = {
			isa = PBXNativeTarget;
			buildConfigurationList = C72E455E2A1BC52C00DD1BCB /* Build configuration list for PBXNativeTarget "LittleLemonDinnerMenuUITests" */;
			buildPhases = (
				C72E454A2A1BC52C00DD1BCB /* Sources */,
				C72E454B2A1BC52C00DD1BCB /* Frameworks */,
				C72E454C2A1BC52C00DD1BCB /* Resources */,
			);
			buildRules = (
			);
			dependencies = (
				C72E45502A1BC52C00DD1BCB /* PBXTargetDependency */,
			);
			name = LittleLemonDinnerMenuUITests;
			productName = LittleLemonDinnerMenuUITests;
			productReference = C72E454E2A1BC52C00DD1BCB /* LittleLemonDinnerMenuUITests.xctest */;
			productType = "com.apple.product-type.bundle.ui-testing";
		};
/* End PBXNativeTarget section */

/* Begin PBXProject section */
		C72E452C2A1BC52900DD1BCB /* Project object */ = {
			isa = PBXProject;
			attributes = {
				BuildIndependentTargetsInParallel = 1;
				LastSwiftUpdateCheck = 1420;
				LastUpgradeCheck = 1420;
				TargetAttributes = {
					C72E45332A1BC52900DD1BCB = {
						CreatedOnToolsVersion = 14.2;
					};
					C72E45432A1BC52C00DD1BCB = {
						CreatedOnToolsVersion = 14.2;
						TestTargetID = C72E45332A1BC52900DD1BCB;
					};
					C72E454D2A1BC52C00DD1BCB = {
						CreatedOnToolsVersion = 14.2;
						TestTargetID = C72E45332A1BC52900DD1BCB;
					};
				};
			};
			buildConfigurationList = C72E452F2A1BC52900DD1BCB /* Build configuration list for PBXProject "LittleLemonDinnerMenu" */;
			compatibilityVersion = "Xcode 14.0";
			developmentRegion = en;
			hasScannedForEncodings = 0;
			knownRegions = (
				en,
				Base,
			);
			mainGroup = C72E452B2A1BC52900DD1BCB;
			productRefGroup = C72E45352A1BC52900DD1BCB /* Products */;
			projectDirPath = "";
			projectRoot = "";
			targets = (
				C72E45332A1BC52900DD1BCB /* LittleLemonDinnerMenu */,
				C72E45432A1BC52C00DD1BCB /* LittleLemonDinnerMenuTests */,
				C72E454D2A1BC52C00DD1BCB /* LittleLemonDinnerMenuUITests */,
			);
		};
/* End PBXProject section */

/* Begin PBXResourcesBuildPhase section */
		C72E45322A1BC52900DD1BCB /* Resources */ = {
			isa = PBXResourcesBuildPhase;
			buildActionMask = 2147483647;
			files = (
				C72E453F2A1BC52C00DD1BCB /* Preview Assets.xcassets in Resources */,
				C72E453C2A1BC52C00DD1BCB /* Assets.xcassets in Resources */,
			);
			runOnlyForDeploymentPostprocessing = 0;
		};
		C72E45422A1BC52C00DD1BCB /* Resources */ = {
			isa = PBXResourcesBuildPhase;
			buildActionMask = 2147483647;
			files = (
			);
			runOnlyForDeploymentPostprocessing = 0;
		};
		C72E454C2A1BC52C00DD1BCB /* Resources */ = {
			isa = PBXResourcesBuildPhase;
			buildActionMask = 2147483647;
			files = (
			);
			runOnlyForDeploymentPostprocessing = 0;
		};
/* End PBXResourcesBuildPhase section */

/* Begin PBXSourcesBuildPhase section */
		C72E45302A1BC52900DD1BCB /* Sources */ = {
			isa = PBXSourcesBuildPhase;
			buildActionMask = 2147483647;
			files = (
				C7F5918F2A50794E00B5A347 /* SortBy.swift in Sources */,
				C7F5918B2A5078DB00B5A347 /* MenuCategory.swift in Sources */,
				C7F591892A5077CC00B5A347 /* MenuItem.swift in Sources */,
				C7F5918D2A50793F00B5A347 /* Ingredient.swift in Sources */,
				C7F591822A5076F200B5A347 /* MenuItemView.swift in Sources */,
				C7F591912A50797F00B5A347 /* MenuViewViewModel.swift in Sources */,
				C7F591802A5076E700B5A347 /* MenuItemsView.swift in Sources */,
				C7F591842A5076FF00B5A347 /* MenuItemOptionsView.swift in Sources */,
				C72E45382A1BC52900DD1BCB /* LittleLemonDinnerMenuApp.swift in Sources */,
				C7F591862A50771000B5A347 /* MenuItemDetailsView.swift in Sources */,
			);
			runOnlyForDeploymentPostprocessing = 0;
		};
		C72E45402A1BC52C00DD1BCB /* Sources */ = {
			isa = PBXSourcesBuildPhase;
			buildActionMask = 2147483647;
			files = (
				C72E45492A1BC52C00DD1BCB /* LittleLemonDinnerMenuTests.swift in Sources */,
			);
			runOnlyForDeploymentPostprocessing = 0;
		};
		C72E454A2A1BC52C00DD1BCB /* Sources */ = {
			isa = PBXSourcesBuildPhase;
			buildActionMask = 2147483647;
			files = (
				C72E45532A1BC52C00DD1BCB /* LittleLemonDinnerMenuUITests.swift in Sources */,
				C72E45552A1BC52C00DD1BCB /* LittleLemonDinnerMenuUITestsLaunchTests.swift in Sources */,
			);
			runOnlyForDeploymentPostprocessing = 0;
		};
/* End PBXSourcesBuildPhase section */

/* Begin PBXTargetDependency section */
		C72E45462A1BC52C00DD1BCB /* PBXTargetDependency */ = {
			isa = PBXTargetDependency;
			target = C72E45332A1BC52900DD1BCB /* LittleLemonDinnerMenu */;
			targetProxy = C72E45452A1BC52C00DD1BCB /* PBXContainerItemProxy */;
		};
		C72E45502A1BC52C00DD1BCB /* PBXTargetDependency */ = {
			isa = PBXTargetDependency;
			target = C72E45332A1BC52900DD1BCB /* LittleLemonDinnerMenu */;
			targetProxy = C72E454F2A1BC52C00DD1BCB /* PBXContainerItemProxy */;
		};
/* End PBXTargetDependency section */

/* Begin XCBuildConfiguration section */
		C72E45562A1BC52C00DD1BCB /* Debug */ = {
			isa = XCBuildConfiguration;
			buildSettings = {
				ALWAYS_SEARCH_USER_PATHS = NO;
				CLANG_ANALYZER_NONNULL = YES;
				CLANG_ANALYZER_NUMBER_OBJECT_CONVERSION = YES_AGGRESSIVE;
				CLANG_CXX_LANGUAGE_STANDARD = "gnu++20";
				CLANG_ENABLE_MODULES = YES;
				CLANG_ENABLE_OBJC_ARC = YES;
				CLANG_ENABLE_OBJC_WEAK = YES;
				CLANG_WARN_BLOCK_CAPTURE_AUTORELEASING = YES;
				CLANG_WARN_BOOL_CONVERSION = YES;
				CLANG_WARN_COMMA = YES;
				CLANG_WARN_CONSTANT_CONVERSION = YES;
				CLANG_WARN_DEPRECATED_OBJC_IMPLEMENTATIONS = YES;
				CLANG_WARN_DIRECT_OBJC_ISA_USAGE = YES_ERROR;
				CLANG_WARN_DOCUMENTATION_COMMENTS = YES;
				CLANG_WARN_EMPTY_BODY = YES;
				CLANG_WARN_ENUM_CONVERSION = YES;
				CLANG_WARN_INFINITE_RECURSION = YES;
				CLANG_WARN_INT_CONVERSION = YES;
				CLANG_WARN_NON_LITERAL_NULL_CONVERSION = YES;
				CLANG_WARN_OBJC_IMPLICIT_RETAIN_SELF = YES;
				CLANG_WARN_OBJC_LITERAL_CONVERSION = YES;
				CLANG_WARN_OBJC_ROOT_CLASS = YES_ERROR;
				CLANG_WARN_QUOTED_INCLUDE_IN_FRAMEWORK_HEADER = YES;
				CLANG_WARN_RANGE_LOOP_ANALYSIS = YES;
				CLANG_WARN_STRICT_PROTOTYPES = YES;
				CLANG_WARN_SUSPICIOUS_MOVE = YES;
				CLANG_WARN_UNGUARDED_AVAILABILITY = YES_AGGRESSIVE;
				CLANG_WARN_UNREACHABLE_CODE = YES;
				CLANG_WARN__DUPLICATE_METHOD_MATCH = YES;
				COPY_PHASE_STRIP = NO;
				DEBUG_INFORMATION_FORMAT = dwarf;
				ENABLE_STRICT_OBJC_MSGSEND = YES;
				ENABLE_TESTABILITY = YES;
				GCC_C_LANGUAGE_STANDARD = gnu11;
				GCC_DYNAMIC_NO_PIC = NO;
				GCC_NO_COMMON_BLOCKS = YES;
				GCC_OPTIMIZATION_LEVEL = 0;
				GCC_PREPROCESSOR_DEFINITIONS = (
					"DEBUG=1",
					"$(inherited)",
				);
				GCC_WARN_64_TO_32_BIT_CONVERSION = YES;
				GCC_WARN_ABOUT_RETURN_TYPE = YES_ERROR;
				GCC_WARN_UNDECLARED_SELECTOR = YES;
				GCC_WARN_UNINITIALIZED_AUTOS = YES_AGGRESSIVE;
				GCC_WARN_UNUSED_FUNCTION = YES;
				GCC_WARN_UNUSED_VARIABLE = YES;
				IPHONEOS_DEPLOYMENT_TARGET = 16.2;
				MTL_ENABLE_DEBUG_INFO = INCLUDE_SOURCE;
				MTL_FAST_MATH = YES;
				ONLY_ACTIVE_ARCH = YES;
				SDKROOT = iphoneos;
				SWIFT_ACTIVE_COMPILATION_CONDITIONS = DEBUG;
				SWIFT_OPTIMIZATION_LEVEL = "-Onone";
			};
			name = Debug;
		};
		C72E45572A1BC52C00DD1BCB /* Release */ = {
			isa = XCBuildConfiguration;
			buildSettings = {
				ALWAYS_SEARCH_USER_PATHS = NO;
				CLANG_ANALYZER_NONNULL = YES;
				CLANG_ANALYZER_NUMBER_OBJECT_CONVERSION = YES_AGGRESSIVE;
				CLANG_CXX_LANGUAGE_STANDARD = "gnu++20";
				CLANG_ENABLE_MODULES = YES;
				CLANG_ENABLE_OBJC_ARC = YES;
				CLANG_ENABLE_OBJC_WEAK = YES;
				CLANG_WARN_BLOCK_CAPTURE_AUTORELEASING = YES;
				CLANG_WARN_BOOL_CONVERSION = YES;
				CLANG_WARN_COMMA = YES;
				CLANG_WARN_CONSTANT_CONVERSION = YES;
				CLANG_WARN_DEPRECATED_OBJC_IMPLEMENTATIONS = YES;
				CLANG_WARN_DIRECT_OBJC_ISA_USAGE = YES_ERROR;
				CLANG_WARN_DOCUMENTATION_COMMENTS = YES;
				CLANG_WARN_EMPTY_BODY = YES;
				CLANG_WARN_ENUM_CONVERSION = YES;
				CLANG_WARN_INFINITE_RECURSION = YES;
				CLANG_WARN_INT_CONVERSION = YES;
				CLANG_WARN_NON_LITERAL_NULL_CONVERSION = YES;
				CLANG_WARN_OBJC_IMPLICIT_RETAIN_SELF = YES;
				CLANG_WARN_OBJC_LITERAL_CONVERSION = YES;
				CLANG_WARN_OBJC_ROOT_CLASS = YES_ERROR;
				CLANG_WARN_QUOTED_INCLUDE_IN_FRAMEWORK_HEADER = YES;
				CLANG_WARN_RANGE_LOOP_ANALYSIS = YES;
				CLANG_WARN_STRICT_PROTOTYPES = YES;
				CLANG_WARN_SUSPICIOUS_MOVE = YES;
				CLANG_WARN_UNGUARDED_AVAILABILITY = YES_AGGRESSIVE;
				CLANG_WARN_UNREACHABLE_CODE = YES;
				CLANG_WARN__DUPLICATE_METHOD_MATCH = YES;
				COPY_PHASE_STRIP = NO;
				DEBUG_INFORMATION_FORMAT = "dwarf-with-dsym";
				ENABLE_NS_ASSERTIONS = NO;
				ENABLE_STRICT_OBJC_MSGSEND = YES;
				GCC_C_LANGUAGE_STANDARD = gnu11;
				GCC_NO_COMMON_BLOCKS = YES;
				GCC_WARN_64_TO_32_BIT_CONVERSION = YES;
				GCC_WARN_ABOUT_RETURN_TYPE = YES_ERROR;
				GCC_WARN_UNDECLARED_SELECTOR = YES;
				GCC_WARN_UNINITIALIZED_AUTOS = YES_AGGRESSIVE;
				GCC_WARN_UNUSED_FUNCTION = YES;
				GCC_WARN_UNUSED_VARIABLE = YES;
				IPHONEOS_DEPLOYMENT_TARGET = 16.2;
				MTL_ENABLE_DEBUG_INFO = NO;
				MTL_FAST_MATH = YES;
				SDKROOT = iphoneos;
				SWIFT_COMPILATION_MODE = wholemodule;
				SWIFT_OPTIMIZATION_LEVEL = "-O";
				VALIDATE_PRODUCT = YES;
			};
			name = Release;
		};
		C72E45592A1BC52C00DD1BCB /* Debug */ = {
			isa = XCBuildConfiguration;
			buildSettings = {
				ASSETCATALOG_COMPILER_APPICON_NAME = AppIcon;
				ASSETCATALOG_COMPILER_GLOBAL_ACCENT_COLOR_NAME = AccentColor;
				CODE_SIGN_STYLE = Automatic;
				CURRENT_PROJECT_VERSION = 1;
				DEVELOPMENT_ASSET_PATHS = "\"LittleLemonDinnerMenu/Preview Content\"";
				ENABLE_PREVIEWS = YES;
				GENERATE_INFOPLIST_FILE = YES;
				INFOPLIST_KEY_UIApplicationSceneManifest_Generation = YES;
				INFOPLIST_KEY_UIApplicationSupportsIndirectInputEvents = YES;
				INFOPLIST_KEY_UILaunchScreen_Generation = YES;
				INFOPLIST_KEY_UISupportedInterfaceOrientations_iPad = "UIInterfaceOrientationPortrait UIInterfaceOrientationPortraitUpsideDown UIInterfaceOrientationLandscapeLeft UIInterfaceOrientationLandscapeRight";
				INFOPLIST_KEY_UISupportedInterfaceOrientations_iPhone = "UIInterfaceOrientationPortrait UIInterfaceOrientationLandscapeLeft UIInterfaceOrientationLandscapeRight";
				LD_RUNPATH_SEARCH_PATHS = (
					"$(inherited)",
					"@executable_path/Frameworks",
				);
				MARKETING_VERSION = 1.0;
				PRODUCT_BUNDLE_IDENTIFIER = com.FatimaRao.LittleLemonDinnerMenu;
				PRODUCT_NAME = "$(TARGET_NAME)";
				SWIFT_EMIT_LOC_STRINGS = YES;
				SWIFT_VERSION = 5.0;
				TARGETED_DEVICE_FAMILY = "1,2";
			};
			name = Debug;
		};
		C72E455A2A1BC52C00DD1BCB /* Release */ = {
			isa = XCBuildConfiguration;
			buildSettings = {
				ASSETCATALOG_COMPILER_APPICON_NAME = AppIcon;
				ASSETCATALOG_COMPILER_GLOBAL_ACCENT_COLOR_NAME = AccentColor;
				CODE_SIGN_STYLE = Automatic;
				CURRENT_PROJECT_VERSION = 1;
				DEVELOPMENT_ASSET_PATHS = "\"LittleLemonDinnerMenu/Preview Content\"";
				ENABLE_PREVIEWS = YES;
				GENERATE_INFOPLIST_FILE = YES;
				INFOPLIST_KEY_UIApplicationSceneManifest_Generation = YES;
				INFOPLIST_KEY_UIApplicationSupportsIndirectInputEvents = YES;
				INFOPLIST_KEY_UILaunchScreen_Generation = YES;
				INFOPLIST_KEY_UISupportedInterfaceOrientations_iPad = "UIInterfaceOrientationPortrait UIInterfaceOrientationPortraitUpsideDown UIInterfaceOrientationLandscapeLeft UIInterfaceOrientationLandscapeRight";
				INFOPLIST_KEY_UISupportedInterfaceOrientations_iPhone = "UIInterfaceOrientationPortrait UIInterfaceOrientationLandscapeLeft UIInterfaceOrientationLandscapeRight";
				LD_RUNPATH_SEARCH_PATHS = (
					"$(inherited)",
					"@executable_path/Frameworks",
				);
				MARKETING_VERSION = 1.0;
				PRODUCT_BUNDLE_IDENTIFIER = com.FatimaRao.LittleLemonDinnerMenu;
				PRODUCT_NAME = "$(TARGET_NAME)";
				SWIFT_EMIT_LOC_STRINGS = YES;
				SWIFT_VERSION = 5.0;
				TARGETED_DEVICE_FAMILY = "1,2";
			};
			name = Release;
		};
		C72E455C2A1BC52C00DD1BCB /* Debug */ = {
			isa = XCBuildConfiguration;
			buildSettings = {
				ALWAYS_EMBED_SWIFT_STANDARD_LIBRARIES = YES;
				BUNDLE_LOADER = "$(TEST_HOST)";
				CODE_SIGN_STYLE = Automatic;
				CURRENT_PROJECT_VERSION = 1;
				GENERATE_INFOPLIST_FILE = YES;
				IPHONEOS_DEPLOYMENT_TARGET = 16.2;
				MARKETING_VERSION = 1.0;
				PRODUCT_BUNDLE_IDENTIFIER = com.FatimaRao.LittleLemonDinnerMenuTests;
				PRODUCT_NAME = "$(TARGET_NAME)";
				SWIFT_EMIT_LOC_STRINGS = NO;
				SWIFT_VERSION = 5.0;
				TARGETED_DEVICE_FAMILY = "1,2";
				TEST_HOST = "$(BUILT_PRODUCTS_DIR)/LittleLemonDinnerMenu.app/$(BUNDLE_EXECUTABLE_FOLDER_PATH)/LittleLemonDinnerMenu";
			};
			name = Debug;
		};
		C72E455D2A1BC52C00DD1BCB /* Release */ = {
			isa = XCBuildConfiguration;
			buildSettings = {
				ALWAYS_EMBED_SWIFT_STANDARD_LIBRARIES = YES;
				BUNDLE_LOADER = "$(TEST_HOST)";
				CODE_SIGN_STYLE = Automatic;
				CURRENT_PROJECT_VERSION = 1;
				GENERATE_INFOPLIST_FILE = YES;
				IPHONEOS_DEPLOYMENT_TARGET = 16.2;
				MARKETING_VERSION = 1.0;
				PRODUCT_BUNDLE_IDENTIFIER = com.FatimaRao.LittleLemonDinnerMenuTests;
				PRODUCT_NAME = "$(TARGET_NAME)";
				SWIFT_EMIT_LOC_STRINGS = NO;
				SWIFT_VERSION = 5.0;
				TARGETED_DEVICE_FAMILY = "1,2";
				TEST_HOST = "$(BUILT_PRODUCTS_DIR)/LittleLemonDinnerMenu.app/$(BUNDLE_EXECUTABLE_FOLDER_PATH)/LittleLemonDinnerMenu";
			};
			name = Release;
		};
		C72E455F2A1BC52C00DD1BCB /* Debug */ = {
			isa = XCBuildConfiguration;
			buildSettings = {
				ALWAYS_EMBED_SWIFT_STANDARD_LIBRARIES = YES;
				CODE_SIGN_STYLE = Automatic;
				CURRENT_PROJECT_VERSION = 1;
				GENERATE_INFOPLIST_FILE = YES;
				MARKETING_VERSION = 1.0;
				PRODUCT_BUNDLE_IDENTIFIER = com.FatimaRao.LittleLemonDinnerMenuUITests;
				PRODUCT_NAME = "$(TARGET_NAME)";
				SWIFT_EMIT_LOC_STRINGS = NO;
				SWIFT_VERSION = 5.0;
				TARGETED_DEVICE_FAMILY = "1,2";
				TEST_TARGET_NAME = LittleLemonDinnerMenu;
			};
			name = Debug;
		};
		C72E45602A1BC52C00DD1BCB /* Release */ = {
			isa = XCBuildConfiguration;
			buildSettings = {
				ALWAYS_EMBED_SWIFT_STANDARD_LIBRARIES = YES;
				CODE_SIGN_STYLE = Automatic;
				CURRENT_PROJECT_VERSION = 1;
				GENERATE_INFOPLIST_FILE = YES;
				MARKETING_VERSION = 1.0;
				PRODUCT_BUNDLE_IDENTIFIER = com.FatimaRao.LittleLemonDinnerMenuUITests;
				PRODUCT_NAME = "$(TARGET_NAME)";
				SWIFT_EMIT_LOC_STRINGS = NO;
				SWIFT_VERSION = 5.0;
				TARGETED_DEVICE_FAMILY = "1,2";
				TEST_TARGET_NAME = LittleLemonDinnerMenu;
			};
			name = Release;
		};
/* End XCBuildConfiguration section */

/* Begin XCConfigurationList section */
		C72E452F2A1BC52900DD1BCB /* Build configuration list for PBXProject "LittleLemonDinnerMenu" */ = {
			isa = XCConfigurationList;
			buildConfigurations = (
				C72E45562A1BC52C00DD1BCB /* Debug */,
				C72E45572A1BC52C00DD1BCB /* Release */,
			);
			defaultConfigurationIsVisible = 0;
			defaultConfigurationName = Release;
		};
		C72E45582A1BC52C00DD1BCB /* Build configuration list for PBXNativeTarget "LittleLemonDinnerMenu" */ = {
			isa = XCConfigurationList;
			buildConfigurations = (
				C72E45592A1BC52C00DD1BCB /* Debug */,
				C72E455A2A1BC52C00DD1BCB /* Release */,
			);
			defaultConfigurationIsVisible = 0;
			defaultConfigurationName = Release;
		};
		C72E455B2A1BC52C00DD1BCB /* Build configuration list for PBXNativeTarget "LittleLemonDinnerMenuTests" */ = {
			isa = XCConfigurationList;
			buildConfigurations = (
				C72E455C2A1BC52C00DD1BCB /* Debug */,
				C72E455D2A1BC52C00DD1BCB /* Release */,
			);
			defaultConfigurationIsVisible = 0;
			defaultConfigurationName = Release;
		};
		C72E455E2A1BC52C00DD1BCB /* Build configuration list for PBXNativeTarget "LittleLemonDinnerMenuUITests" */ = {
			isa = XCConfigurationList;
			buildConfigurations = (
				C72E455F2A1BC52C00DD1BCB /* Debug */,
				C72E45602A1BC52C00DD1BCB /* Release */,
			);
			defaultConfigurationIsVisible = 0;
			defaultConfigurationName = Release;
		};
/* End XCConfigurationList section */
	};
	rootObject = C72E452C2A1BC52900DD1BCB /* Project object */;
}
