// !$*UTF8*$!
{
	archiveVersion = 1;
	classes = {
	};
	objectVersion = 56;
	objects = {

/* Begin PBXBuildFile section */
		C77D5D6C2A06A9D9005BF642 /* Reservation.swift in Sources */ = {isa = PBXBuildFile; fileRef = C77D5D6B2A06A9D9005BF642 /* Reservation.swift */; };
		C7D6D76F2A0653C300B0EA28 /* LogoView.swift in Sources */ = {isa = PBXBuildFile; fileRef = C7D6D76E2A0653C300B0EA28 /* LogoView.swift */; };
		C7D6D7712A06592300B0EA28 /* Model.swift in Sources */ = {isa = PBXBuildFile; fileRef = C7D6D7702A06592300B0EA28 /* Model.swift */; };
		C7D6D7742A0662FC00B0EA28 /* RestaurantLocation.swift in Sources */ = {isa = PBXBuildFile; fileRef = C7D6D7732A0662FC00B0EA28 /* RestaurantLocation.swift */; };
		C7D6D7792A06663600B0EA28 /* ReservationForm.swift in Sources */ = {isa = PBXBuildFile; fileRef = C7D6D7782A06663600B0EA28 /* ReservationForm.swift */; };
		C7D6D77B2A06675D00B0EA28 /* ReservationView.swift in Sources */ = {isa = PBXBuildFile; fileRef = C7D6D77A2A06675D00B0EA28 /* ReservationView.swift */; };
		C7D6D77D2A0668DA00B0EA28 /* RestaurantView.swift in Sources */ = {isa = PBXBuildFile; fileRef = C7D6D77C2A0668DA00B0EA28 /* RestaurantView.swift */; };
		C7E8E72A2A02E18500343F42 /* LittleLemonReservationAppApp.swift in Sources */ = {isa = PBXBuildFile; fileRef = C7E8E7292A02E18500343F42 /* LittleLemonReservationAppApp.swift */; };
		C7E8E72C2A02E18500343F42 /* ContentView.swift in Sources */ = {isa = PBXBuildFile; fileRef = C7E8E72B2A02E18500343F42 /* ContentView.swift */; };
		C7E8E72E2A02E18800343F42 /* Assets.xcassets in Resources */ = {isa = PBXBuildFile; fileRef = C7E8E72D2A02E18800343F42 /* Assets.xcassets */; };
		C7E8E7312A02E18800343F42 /* Preview Assets.xcassets in Resources */ = {isa = PBXBuildFile; fileRef = C7E8E7302A02E18800343F42 /* Preview Assets.xcassets */; };
		C7E8E73C2A02E96800343F42 /* LocationsVIew.swift in Sources */ = {isa = PBXBuildFile; fileRef = C7E8E73B2A02E96800343F42 /* LocationsVIew.swift */; };
/* End PBXBuildFile section */

/* Begin PBXFileReference section */
		C77D5D6B2A06A9D9005BF642 /* Reservation.swift */ = {isa = PBXFileReference; lastKnownFileType = sourcecode.swift; path = Reservation.swift; sourceTree = "<group>"; };
		C7D6D76E2A0653C300B0EA28 /* LogoView.swift */ = {isa = PBXFileReference; lastKnownFileType = sourcecode.swift; path = LogoView.swift; sourceTree = "<group>"; };
		C7D6D7702A06592300B0EA28 /* Model.swift */ = {isa = PBXFileReference; lastKnownFileType = sourcecode.swift; path = Model.swift; sourceTree = "<group>"; };
		C7D6D7732A0662FC00B0EA28 /* RestaurantLocation.swift */ = {isa = PBXFileReference; lastKnownFileType = sourcecode.swift; path = RestaurantLocation.swift; sourceTree = "<group>"; };
		C7D6D7782A06663600B0EA28 /* ReservationForm.swift */ = {isa = PBXFileReference; lastKnownFileType = sourcecode.swift; path = ReservationForm.swift; sourceTree = "<group>"; };
		C7D6D77A2A06675D00B0EA28 /* ReservationView.swift */ = {isa = PBXFileReference; lastKnownFileType = sourcecode.swift; path = ReservationView.swift; sourceTree = "<group>"; };
		C7D6D77C2A0668DA00B0EA28 /* RestaurantView.swift */ = {isa = PBXFileReference; lastKnownFileType = sourcecode.swift; path = RestaurantView.swift; sourceTree = "<group>"; };
		C7E8E7262A02E18500343F42 /* LittleLemonReservationApp.app */ = {isa = PBXFileReference; explicitFileType = wrapper.application; includeInIndex = 0; path = LittleLemonReservationApp.app; sourceTree = BUILT_PRODUCTS_DIR; };
		C7E8E7292A02E18500343F42 /* LittleLemonReservationAppApp.swift */ = {isa = PBXFileReference; lastKnownFileType = sourcecode.swift; path = LittleLemonReservationAppApp.swift; sourceTree = "<group>"; };
		C7E8E72B2A02E18500343F42 /* ContentView.swift */ = {isa = PBXFileReference; lastKnownFileType = sourcecode.swift; path = ContentView.swift; sourceTree = "<group>"; };
		C7E8E72D2A02E18800343F42 /* Assets.xcassets */ = {isa = PBXFileReference; lastKnownFileType = folder.assetcatalog; path = Assets.xcassets; sourceTree = "<group>"; };
		C7E8E7302A02E18800343F42 /* Preview Assets.xcassets */ = {isa = PBXFileReference; lastKnownFileType = folder.assetcatalog; path = "Preview Assets.xcassets"; sourceTree = "<group>"; };
		C7E8E73B2A02E96800343F42 /* LocationsVIew.swift */ = {isa = PBXFileReference; lastKnownFileType = sourcecode.swift; path = LocationsVIew.swift; sourceTree = "<group>"; };
/* End PBXFileReference section */

/* Begin PBXFrameworksBuildPhase section */
		C7E8E7232A02E18500343F42 /* Frameworks */ = {
			isa = PBXFrameworksBuildPhase;
			buildActionMask = 2147483647;
			files = (
			);
			runOnlyForDeploymentPostprocessing = 0;
		};
/* End PBXFrameworksBuildPhase section */

/* Begin PBXGroup section */
		C7D6D7722A0662E500B0EA28 /* Restaurant */ = {
			isa = PBXGroup;
			children = (
				C7D6D7732A0662FC00B0EA28 /* RestaurantLocation.swift */,
				C7D6D77C2A0668DA00B0EA28 /* RestaurantView.swift */,
			);
			path = Restaurant;
			sourceTree = "<group>";
		};
		C7D6D7772A06660D00B0EA28 /* RESERVATION */ = {
			isa = PBXGroup;
			children = (
				C7D6D7782A06663600B0EA28 /* ReservationForm.swift */,
				C7D6D77A2A06675D00B0EA28 /* ReservationView.swift */,
				C77D5D6B2A06A9D9005BF642 /* Reservation.swift */,
			);
			path = RESERVATION;
			sourceTree = "<group>";
		};
		C7E8E71D2A02E18500343F42 = {
			isa = PBXGroup;
			children = (
				C7E8E7282A02E18500343F42 /* LittleLemonReservationApp */,
				C7E8E7272A02E18500343F42 /* Products */,
			);
			sourceTree = "<group>";
		};
		C7E8E7272A02E18500343F42 /* Products */ = {
			isa = PBXGroup;
			children = (
				C7E8E7262A02E18500343F42 /* LittleLemonReservationApp.app */,
			);
			name = Products;
			sourceTree = "<group>";
		};
		C7E8E7282A02E18500343F42 /* LittleLemonReservationApp */ = {
			isa = PBXGroup;
			children = (
				C7E8E7292A02E18500343F42 /* LittleLemonReservationAppApp.swift */,
				C7E8E72B2A02E18500343F42 /* ContentView.swift */,
				C7D6D7702A06592300B0EA28 /* Model.swift */,
				C7D6D7722A0662E500B0EA28 /* Restaurant */,
				C7D6D7772A06660D00B0EA28 /* RESERVATION */,
				C7E8E73B2A02E96800343F42 /* LocationsVIew.swift */,
				C7D6D76E2A0653C300B0EA28 /* LogoView.swift */,
				C7E8E72D2A02E18800343F42 /* Assets.xcassets */,
				C7E8E72F2A02E18800343F42 /* Preview Content */,
			);
			path = LittleLemonReservationApp;
			sourceTree = "<group>";
		};
		C7E8E72F2A02E18800343F42 /* Preview Content */ = {
			isa = PBXGroup;
			children = (
				C7E8E7302A02E18800343F42 /* Preview Assets.xcassets */,
			);
			path = "Preview Content";
			sourceTree = "<group>";
		};
/* End PBXGroup section */

/* Begin PBXNativeTarget section */
		C7E8E7252A02E18500343F42 /* LittleLemonReservationApp */ = {
			isa = PBXNativeTarget;
			buildConfigurationList = C7E8E7342A02E18800343F42 /* Build configuration list for PBXNativeTarget "LittleLemonReservationApp" */;
			buildPhases = (
				C7E8E7222A02E18500343F42 /* Sources */,
				C7E8E7232A02E18500343F42 /* Frameworks */,
				C7E8E7242A02E18500343F42 /* Resources */,
			);
			buildRules = (
			);
			dependencies = (
			);
			name = LittleLemonReservationApp;
			productName = LittleLemonReservationApp;
			productReference = C7E8E7262A02E18500343F42 /* LittleLemonReservationApp.app */;
			productType = "com.apple.product-type.application";
		};
/* End PBXNativeTarget section */

/* Begin PBXProject section */
		C7E8E71E2A02E18500343F42 /* Project object */ = {
			isa = PBXProject;
			attributes = {
				BuildIndependentTargetsInParallel = 1;
				LastSwiftUpdateCheck = 1420;
				LastUpgradeCheck = 1420;
				TargetAttributes = {
					C7E8E7252A02E18500343F42 = {
						CreatedOnToolsVersion = 14.2;
					};
				};
			};
			buildConfigurationList = C7E8E7212A02E18500343F42 /* Build configuration list for PBXProject "LittleLemonReservationApp" */;
			compatibilityVersion = "Xcode 14.0";
			developmentRegion = en;
			hasScannedForEncodings = 0;
			knownRegions = (
				en,
				Base,
			);
			mainGroup = C7E8E71D2A02E18500343F42;
			productRefGroup = C7E8E7272A02E18500343F42 /* Products */;
			projectDirPath = "";
			projectRoot = "";
			targets = (
				C7E8E7252A02E18500343F42 /* LittleLemonReservationApp */,
			);
		};
/* End PBXProject section */

/* Begin PBXResourcesBuildPhase section */
		C7E8E7242A02E18500343F42 /* Resources */ = {
			isa = PBXResourcesBuildPhase;
			buildActionMask = 2147483647;
			files = (
				C7E8E7312A02E18800343F42 /* Preview Assets.xcassets in Resources */,
				C7E8E72E2A02E18800343F42 /* Assets.xcassets in Resources */,
			);
			runOnlyForDeploymentPostprocessing = 0;
		};
/* End PBXResourcesBuildPhase section */

/* Begin PBXSourcesBuildPhase section */
		C7E8E7222A02E18500343F42 /* Sources */ = {
			isa = PBXSourcesBuildPhase;
			buildActionMask = 2147483647;
			files = (
				C7D6D76F2A0653C300B0EA28 /* LogoView.swift in Sources */,
				C7E8E72C2A02E18500343F42 /* ContentView.swift in Sources */,
				C77D5D6C2A06A9D9005BF642 /* Reservation.swift in Sources */,
				C7E8E73C2A02E96800343F42 /* LocationsVIew.swift in Sources */,
				C7D6D7792A06663600B0EA28 /* ReservationForm.swift in Sources */,
				C7D6D7712A06592300B0EA28 /* Model.swift in Sources */,
				C7D6D77D2A0668DA00B0EA28 /* RestaurantView.swift in Sources */,
				C7D6D77B2A06675D00B0EA28 /* ReservationView.swift in Sources */,
				C7D6D7742A0662FC00B0EA28 /* RestaurantLocation.swift in Sources */,
				C7E8E72A2A02E18500343F42 /* LittleLemonReservationAppApp.swift in Sources */,
			);
			runOnlyForDeploymentPostprocessing = 0;
		};
/* End PBXSourcesBuildPhase section */

/* Begin XCBuildConfiguration section */
		C7E8E7322A02E18800343F42 /* Debug */ = {
			isa = XCBuildConfiguration;
			buildSettings = {
				ALWAYS_SEARCH_USER_PATHS = NO;
				CLANG_ANALYZER_NONNULL = YES;
				CLANG_ANALYZER_NUMBER_OBJECT_CONVERSION = YES_AGGRESSIVE;
				CLANG_CXX_LANGUAGE_STANDARD = "gnu++20";
				CLANG_ENABLE_MODULES = YES;
				CLANG_ENABLE_OBJC_ARC = YES;
				CLANG_ENABLE_OBJC_WEAK = YES;
				CLANG_WARN_BLOCK_CAPTURE_AUTORELEASING = YES;
				CLANG_WARN_BOOL_CONVERSION = YES;
				CLANG_WARN_COMMA = YES;
				CLANG_WARN_CONSTANT_CONVERSION = YES;
				CLANG_WARN_DEPRECATED_OBJC_IMPLEMENTATIONS = YES;
				CLANG_WARN_DIRECT_OBJC_ISA_USAGE = YES_ERROR;
				CLANG_WARN_DOCUMENTATION_COMMENTS = YES;
				CLANG_WARN_EMPTY_BODY = YES;
				CLANG_WARN_ENUM_CONVERSION = YES;
				CLANG_WARN_INFINITE_RECURSION = YES;
				CLANG_WARN_INT_CONVERSION = YES;
				CLANG_WARN_NON_LITERAL_NULL_CONVERSION = YES;
				CLANG_WARN_OBJC_IMPLICIT_RETAIN_SELF = YES;
				CLANG_WARN_OBJC_LITERAL_CONVERSION = YES;
				CLANG_WARN_OBJC_ROOT_CLASS = YES_ERROR;
				CLANG_WARN_QUOTED_INCLUDE_IN_FRAMEWORK_HEADER = YES;
				CLANG_WARN_RANGE_LOOP_ANALYSIS = YES;
				CLANG_WARN_STRICT_PROTOTYPES = YES;
				CLANG_WARN_SUSPICIOUS_MOVE = YES;
				CLANG_WARN_UNGUARDED_AVAILABILITY = YES_AGGRESSIVE;
				CLANG_WARN_UNREACHABLE_CODE = YES;
				CLANG_WARN__DUPLICATE_METHOD_MATCH = YES;
				COPY_PHASE_STRIP = NO;
				DEBUG_INFORMATION_FORMAT = dwarf;
				ENABLE_STRICT_OBJC_MSGSEND = YES;
				ENABLE_TESTABILITY = YES;
				GCC_C_LANGUAGE_STANDARD = gnu11;
				GCC_DYNAMIC_NO_PIC = NO;
				GCC_NO_COMMON_BLOCKS = YES;
				GCC_OPTIMIZATION_LEVEL = 0;
				GCC_PREPROCESSOR_DEFINITIONS = (
					"DEBUG=1",
					"$(inherited)",
				);
				GCC_WARN_64_TO_32_BIT_CONVERSION = YES;
				GCC_WARN_ABOUT_RETURN_TYPE = YES_ERROR;
				GCC_WARN_UNDECLARED_SELECTOR = YES;
				GCC_WARN_UNINITIALIZED_AUTOS = YES_AGGRESSIVE;
				GCC_WARN_UNUSED_FUNCTION = YES;
				GCC_WARN_UNUSED_VARIABLE = YES;
				IPHONEOS_DEPLOYMENT_TARGET = 16.2;
				MTL_ENABLE_DEBUG_INFO = INCLUDE_SOURCE;
				MTL_FAST_MATH = YES;
				ONLY_ACTIVE_ARCH = YES;
				SDKROOT = iphoneos;
				SWIFT_ACTIVE_COMPILATION_CONDITIONS = DEBUG;
				SWIFT_OPTIMIZATION_LEVEL = "-Onone";
			};
			name = Debug;
		};
		C7E8E7332A02E18800343F42 /* Release */ = {
			isa = XCBuildConfiguration;
			buildSettings = {
				ALWAYS_SEARCH_USER_PATHS = NO;
				CLANG_ANALYZER_NONNULL = YES;
				CLANG_ANALYZER_NUMBER_OBJECT_CONVERSION = YES_AGGRESSIVE;
				CLANG_CXX_LANGUAGE_STANDARD = "gnu++20";
				CLANG_ENABLE_MODULES = YES;
				CLANG_ENABLE_OBJC_ARC = YES;
				CLANG_ENABLE_OBJC_WEAK = YES;
				CLANG_WARN_BLOCK_CAPTURE_AUTORELEASING = YES;
				CLANG_WARN_BOOL_CONVERSION = YES;
				CLANG_WARN_COMMA = YES;
				CLANG_WARN_CONSTANT_CONVERSION = YES;
				CLANG_WARN_DEPRECATED_OBJC_IMPLEMENTATIONS = YES;
				CLANG_WARN_DIRECT_OBJC_ISA_USAGE = YES_ERROR;
				CLANG_WARN_DOCUMENTATION_COMMENTS = YES;
				CLANG_WARN_EMPTY_BODY = YES;
				CLANG_WARN_ENUM_CONVERSION = YES;
				CLANG_WARN_INFINITE_RECURSION = YES;
				CLANG_WARN_INT_CONVERSION = YES;
				CLANG_WARN_NON_LITERAL_NULL_CONVERSION = YES;
				CLANG_WARN_OBJC_IMPLICIT_RETAIN_SELF = YES;
				CLANG_WARN_OBJC_LITERAL_CONVERSION = YES;
				CLANG_WARN_OBJC_ROOT_CLASS = YES_ERROR;
				CLANG_WARN_QUOTED_INCLUDE_IN_FRAMEWORK_HEADER = YES;
				CLANG_WARN_RANGE_LOOP_ANALYSIS = YES;
				CLANG_WARN_STRICT_PROTOTYPES = YES;
				CLANG_WARN_SUSPICIOUS_MOVE = YES;
				CLANG_WARN_UNGUARDED_AVAILABILITY = YES_AGGRESSIVE;
				CLANG_WARN_UNREACHABLE_CODE = YES;
				CLANG_WARN__DUPLICATE_METHOD_MATCH = YES;
				COPY_PHASE_STRIP = NO;
				DEBUG_INFORMATION_FORMAT = "dwarf-with-dsym";
				ENABLE_NS_ASSERTIONS = NO;
				ENABLE_STRICT_OBJC_MSGSEND = YES;
				GCC_C_LANGUAGE_STANDARD = gnu11;
				GCC_NO_COMMON_BLOCKS = YES;
				GCC_WARN_64_TO_32_BIT_CONVERSION = YES;
				GCC_WARN_ABOUT_RETURN_TYPE = YES_ERROR;
				GCC_WARN_UNDECLARED_SELECTOR = YES;
				GCC_WARN_UNINITIALIZED_AUTOS = YES_AGGRESSIVE;
				GCC_WARN_UNUSED_FUNCTION = YES;
				GCC_WARN_UNUSED_VARIABLE = YES;
				IPHONEOS_DEPLOYMENT_TARGET = 16.2;
				MTL_ENABLE_DEBUG_INFO = NO;
				MTL_FAST_MATH = YES;
				SDKROOT = iphoneos;
				SWIFT_COMPILATION_MODE = wholemodule;
				SWIFT_OPTIMIZATION_LEVEL = "-O";
				VALIDATE_PRODUCT = YES;
			};
			name = Release;
		};
		C7E8E7352A02E18800343F42 /* Debug */ = {
			isa = XCBuildConfiguration;
			buildSettings = {
				ASSETCATALOG_COMPILER_APPICON_NAME = AppIcon;
				ASSETCATALOG_COMPILER_GLOBAL_ACCENT_COLOR_NAME = AccentColor;
				CODE_SIGN_IDENTITY = "Apple Development";
				CODE_SIGN_STYLE = Automatic;
				CURRENT_PROJECT_VERSION = 1;
				DEVELOPMENT_ASSET_PATHS = "\"LittleLemonReservationApp/Preview Content\"";
				DEVELOPMENT_TEAM = W6P5YML5KP;
				ENABLE_PREVIEWS = YES;
				GENERATE_INFOPLIST_FILE = YES;
				INFOPLIST_KEY_UIApplicationSceneManifest_Generation = YES;
				INFOPLIST_KEY_UIApplicationSupportsIndirectInputEvents = YES;
				INFOPLIST_KEY_UILaunchScreen_Generation = YES;
				INFOPLIST_KEY_UISupportedInterfaceOrientations_iPad = "UIInterfaceOrientationPortrait UIInterfaceOrientationPortraitUpsideDown UIInterfaceOrientationLandscapeLeft UIInterfaceOrientationLandscapeRight";
				INFOPLIST_KEY_UISupportedInterfaceOrientations_iPhone = "UIInterfaceOrientationPortrait UIInterfaceOrientationLandscapeLeft UIInterfaceOrientationLandscapeRight";
				LD_RUNPATH_SEARCH_PATHS = (
					"$(inherited)",
					"@executable_path/Frameworks",
				);
				MARKETING_VERSION = 1.0;
				PRODUCT_BUNDLE_IDENTIFIER = com.FatimaRao.LittleLemonReservationApp;
				PRODUCT_NAME = "$(TARGET_NAME)";
				PROVISIONING_PROFILE_SPECIFIER = "";
				SWIFT_EMIT_LOC_STRINGS = YES;
				SWIFT_VERSION = 5.0;
				TARGETED_DEVICE_FAMILY = "1,2";
			};
			name = Debug;
		};
		C7E8E7362A02E18800343F42 /* Release */ = {
			isa = XCBuildConfiguration;
			buildSettings = {
				ASSETCATALOG_COMPILER_APPICON_NAME = AppIcon;
				ASSETCATALOG_COMPILER_GLOBAL_ACCENT_COLOR_NAME = AccentColor;
				CODE_SIGN_IDENTITY = "Apple Development";
				CODE_SIGN_STYLE = Automatic;
				CURRENT_PROJECT_VERSION = 1;
				DEVELOPMENT_ASSET_PATHS = "\"LittleLemonReservationApp/Preview Content\"";
				DEVELOPMENT_TEAM = W6P5YML5KP;
				ENABLE_PREVIEWS = YES;
				GENERATE_INFOPLIST_FILE = YES;
				INFOPLIST_KEY_UIApplicationSceneManifest_Generation = YES;
				INFOPLIST_KEY_UIApplicationSupportsIndirectInputEvents = YES;
				INFOPLIST_KEY_UILaunchScreen_Generation = YES;
				INFOPLIST_KEY_UISupportedInterfaceOrientations_iPad = "UIInterfaceOrientationPortrait UIInterfaceOrientationPortraitUpsideDown UIInterfaceOrientationLandscapeLeft UIInterfaceOrientationLandscapeRight";
				INFOPLIST_KEY_UISupportedInterfaceOrientations_iPhone = "UIInterfaceOrientationPortrait UIInterfaceOrientationLandscapeLeft UIInterfaceOrientationLandscapeRight";
				LD_RUNPATH_SEARCH_PATHS = (
					"$(inherited)",
					"@executable_path/Frameworks",
				);
				MARKETING_VERSION = 1.0;
				PRODUCT_BUNDLE_IDENTIFIER = com.FatimaRao.LittleLemonReservationApp;
				PRODUCT_NAME = "$(TARGET_NAME)";
				PROVISIONING_PROFILE_SPECIFIER = "";
				SWIFT_EMIT_LOC_STRINGS = YES;
				SWIFT_VERSION = 5.0;
				TARGETED_DEVICE_FAMILY = "1,2";
			};
			name = Release;
		};
/* End XCBuildConfiguration section */

/* Begin XCConfigurationList section */
		C7E8E7212A02E18500343F42 /* Build configuration list for PBXProject "LittleLemonReservationApp" */ = {
			isa = XCConfigurationList;
			buildConfigurations = (
				C7E8E7322A02E18800343F42 /* Debug */,
				C7E8E7332A02E18800343F42 /* Release */,
			);
			defaultConfigurationIsVisible = 0;
			defaultConfigurationName = Release;
		};
		C7E8E7342A02E18800343F42 /* Build configuration list for PBXNativeTarget "LittleLemonReservationApp" */ = {
			isa = XCConfigurationList;
			buildConfigurations = (
				C7E8E7352A02E18800343F42 /* Debug */,
				C7E8E7362A02E18800343F42 /* Release */,
			);
			defaultConfigurationIsVisible = 0;
			defaultConfigurationName = Release;
		};
/* End XCConfigurationList section */
	};
	rootObject = C7E8E71E2A02E18500343F42 /* Project object */;
}
